{
  "name": "appricot-slides",
  "version": "1.0.1",
  "lockfileVersion": 3,
  "requires": true,
  "packages": {
    "": {
      "name": "appricot-slides",
      "version": "1.0.1",
      "license": "MIT",
      "dependencies": {
        "zuck.js": "^2.1.0"
      }
    },
    "node_modules/zuck.js": {
      "version": "2.1.0",
      "resolved": "https://registry.npmjs.org/zuck.js/-/zuck.js-2.1.0.tgz",
      "integrity": "sha512-WtSMR6rEtxKDNa4Zk1tuNLbBBhehb+9C58Bg5xr1pTLlyzwUG5Nb5J8o53DWLO2OUIgn2PdMlc9J3Mgcuz5hpw=="
    }
  }
}
